// !$*UTF8*$!
{
	archiveVersion = 1;
	classes = {
	};
	objectVersion = 50;
	objects = {

/* Begin PBXBuildFile section */
		DC3E44B0268745330072EBBF /* Network.swift in Sources */ = {isa = PBXBuildFile; fileRef = DC3E44AF268745320072EBBF /* Network.swift */; };
		DC3E44B2268745880072EBBF /* DetailView.swift in Sources */ = {isa = PBXBuildFile; fileRef = DC3E44B1268745880072EBBF /* DetailView.swift */; };
		DC3E44B4268745C40072EBBF /* PopularMovieCell.swift in Sources */ = {isa = PBXBuildFile; fileRef = DC3E44B3268745C40072EBBF /* PopularMovieCell.swift */; };
		DC3E44B6268745E30072EBBF /* UnPopularMovieCell.swift in Sources */ = {isa = PBXBuildFile; fileRef = DC3E44B5268745E30072EBBF /* UnPopularMovieCell.swift */; };
		DC3E44B82687462A0072EBBF /* Image+Extension.swift in Sources */ = {isa = PBXBuildFile; fileRef = DC3E44B72687462A0072EBBF /* Image+Extension.swift */; };
		DC3E44BA268746540072EBBF /* Movies.swift in Sources */ = {isa = PBXBuildFile; fileRef = DC3E44B9268746540072EBBF /* Movies.swift */; };
		DC3E44BC2687468D0072EBBF /* Dates.swift in Sources */ = {isa = PBXBuildFile; fileRef = DC3E44BB2687468D0072EBBF /* Dates.swift */; };
		DC3E44BE268746A60072EBBF /* Poster.swift in Sources */ = {isa = PBXBuildFile; fileRef = DC3E44BD268746A60072EBBF /* Poster.swift */; };
		DCAB6B5726862BA700AB84A5 /* TestApp2App.swift in Sources */ = {isa = PBXBuildFile; fileRef = DCAB6B5626862BA700AB84A5 /* TestApp2App.swift */; };
		DCAB6B5926862BA700AB84A5 /* ContentView.swift in Sources */ = {isa = PBXBuildFile; fileRef = DCAB6B5826862BA700AB84A5 /* ContentView.swift */; };
		DCAB6B5B26862BE400AB84A5 /* Assets.xcassets in Resources */ = {isa = PBXBuildFile; fileRef = DCAB6B5A26862BE400AB84A5 /* Assets.xcassets */; };
		DCAB6B5E26862BE400AB84A5 /* Preview Assets.xcassets in Resources */ = {isa = PBXBuildFile; fileRef = DCAB6B5D26862BE400AB84A5 /* Preview Assets.xcassets */; };
/* End PBXBuildFile section */

/* Begin PBXFileReference section */
		DC3E44AF268745320072EBBF /* Network.swift */ = {isa = PBXFileReference; lastKnownFileType = sourcecode.swift; path = Network.swift; sourceTree = "<group>"; };
		DC3E44B1268745880072EBBF /* DetailView.swift */ = {isa = PBXFileReference; lastKnownFileType = sourcecode.swift; path = DetailView.swift; sourceTree = "<group>"; };
		DC3E44B3268745C40072EBBF /* PopularMovieCell.swift */ = {isa = PBXFileReference; lastKnownFileType = sourcecode.swift; path = PopularMovieCell.swift; sourceTree = "<group>"; };
		DC3E44B5268745E30072EBBF /* UnPopularMovieCell.swift */ = {isa = PBXFileReference; lastKnownFileType = sourcecode.swift; path = UnPopularMovieCell.swift; sourceTree = "<group>"; };
		DC3E44B72687462A0072EBBF /* Image+Extension.swift */ = {isa = PBXFileReference; lastKnownFileType = sourcecode.swift; path = "Image+Extension.swift"; sourceTree = "<group>"; };
		DC3E44B9268746540072EBBF /* Movies.swift */ = {isa = PBXFileReference; lastKnownFileType = sourcecode.swift; path = Movies.swift; sourceTree = "<group>"; };
		DC3E44BB2687468D0072EBBF /* Dates.swift */ = {isa = PBXFileReference; lastKnownFileType = sourcecode.swift; path = Dates.swift; sourceTree = "<group>"; };
		DC3E44BD268746A60072EBBF /* Poster.swift */ = {isa = PBXFileReference; lastKnownFileType = sourcecode.swift; path = Poster.swift; sourceTree = "<group>"; };
		DCAB6B5326862BA700AB84A5 /* TestApp2.app */ = {isa = PBXFileReference; explicitFileType = wrapper.application; includeInIndex = 0; path = TestApp2.app; sourceTree = BUILT_PRODUCTS_DIR; };
		DCAB6B5626862BA700AB84A5 /* TestApp2App.swift */ = {isa = PBXFileReference; lastKnownFileType = sourcecode.swift; path = TestApp2App.swift; sourceTree = "<group>"; };
		DCAB6B5826862BA700AB84A5 /* ContentView.swift */ = {isa = PBXFileReference; lastKnownFileType = sourcecode.swift; path = ContentView.swift; sourceTree = "<group>"; };
		DCAB6B5A26862BE400AB84A5 /* Assets.xcassets */ = {isa = PBXFileReference; lastKnownFileType = folder.assetcatalog; path = Assets.xcassets; sourceTree = "<group>"; };
		DCAB6B5D26862BE400AB84A5 /* Preview Assets.xcassets */ = {isa = PBXFileReference; lastKnownFileType = folder.assetcatalog; path = "Preview Assets.xcassets"; sourceTree = "<group>"; };
		DCAB6B5F26862BE400AB84A5 /* Info.plist */ = {isa = PBXFileReference; lastKnownFileType = text.plist.xml; path = Info.plist; sourceTree = "<group>"; };
/* End PBXFileReference section */

/* Begin PBXFrameworksBuildPhase section */
		DCAB6B5026862BA700AB84A5 /* Frameworks */ = {
			isa = PBXFrameworksBuildPhase;
			buildActionMask = 2147483647;
			files = (
			);
			runOnlyForDeploymentPostprocessing = 0;
		};
/* End PBXFrameworksBuildPhase section */

/* Begin PBXGroup section */
		DC3E44BF2687471B0072EBBF /* Model */ = {
			isa = PBXGroup;
			children = (
				DC3E44BD268746A60072EBBF /* Poster.swift */,
				DC3E44BB2687468D0072EBBF /* Dates.swift */,
				DC3E44B9268746540072EBBF /* Movies.swift */,
			);
			path = Model;
			sourceTree = "<group>";
		};
		DC3E44C0268747450072EBBF /* ViewModel */ = {
			isa = PBXGroup;
			children = (
				DC3E44B72687462A0072EBBF /* Image+Extension.swift */,
				DC3E44AF268745320072EBBF /* Network.swift */,
			);
			path = ViewModel;
			sourceTree = "<group>";
		};
		DC3E44C12687474E0072EBBF /* View */ = {
			isa = PBXGroup;
			children = (
				DCAB6B5826862BA700AB84A5 /* ContentView.swift */,
				DC3E44B5268745E30072EBBF /* UnPopularMovieCell.swift */,
				DC3E44B3268745C40072EBBF /* PopularMovieCell.swift */,
				DC3E44B1268745880072EBBF /* DetailView.swift */,
			);
			path = View;
			sourceTree = "<group>";
		};
		DCAB6B4A26862BA600AB84A5 = {
			isa = PBXGroup;
			children = (
				DCAB6B5526862BA700AB84A5 /* TestApp2 */,
				DCAB6B5426862BA700AB84A5 /* Products */,
			);
			sourceTree = "<group>";
		};
		DCAB6B5426862BA700AB84A5 /* Products */ = {
			isa = PBXGroup;
			children = (
				DCAB6B5326862BA700AB84A5 /* TestApp2.app */,
			);
			name = Products;
			sourceTree = "<group>";
		};
		DCAB6B5526862BA700AB84A5 /* TestApp2 */ = {
			isa = PBXGroup;
			children = (
				DCAB6B5626862BA700AB84A5 /* TestApp2App.swift */,
				DC3E44C12687474E0072EBBF /* View */,
				DC3E44C0268747450072EBBF /* ViewModel */,
				DC3E44BF2687471B0072EBBF /* Model */,
				DCAB6B5A26862BE400AB84A5 /* Assets.xcassets */,
				DCAB6B5F26862BE400AB84A5 /* Info.plist */,
				DCAB6B5C26862BE400AB84A5 /* Preview Content */,
			);
			path = TestApp2;
			sourceTree = "<group>";
		};
		DCAB6B5C26862BE400AB84A5 /* Preview Content */ = {
			isa = PBXGroup;
			children = (
				DCAB6B5D26862BE400AB84A5 /* Preview Assets.xcassets */,
			);
			path = "Preview Content";
			sourceTree = "<group>";
		};
/* End PBXGroup section */

/* Begin PBXNativeTarget section */
		DCAB6B5226862BA700AB84A5 /* TestApp2 */ = {
			isa = PBXNativeTarget;
			buildConfigurationList = DCAB6B6226862BE400AB84A5 /* Build configuration list for PBXNativeTarget "TestApp2" */;
			buildPhases = (
				DCAB6B4F26862BA700AB84A5 /* Sources */,
				DCAB6B5026862BA700AB84A5 /* Frameworks */,
				DCAB6B5126862BA700AB84A5 /* Resources */,
			);
			buildRules = (
			);
			dependencies = (
			);
			name = TestApp2;
			productName = TestApp2;
			productReference = DCAB6B5326862BA700AB84A5 /* TestApp2.app */;
			productType = "com.apple.product-type.application";
		};
/* End PBXNativeTarget section */

/* Begin PBXProject section */
		DCAB6B4B26862BA600AB84A5 /* Project object */ = {
			isa = PBXProject;
			attributes = {
				LastSwiftUpdateCheck = 1250;
				LastUpgradeCheck = 1250;
				TargetAttributes = {
					DCAB6B5226862BA700AB84A5 = {
						CreatedOnToolsVersion = 12.5;
					};
				};
			};
			buildConfigurationList = DCAB6B4E26862BA600AB84A5 /* Build configuration list for PBXProject "TestApp2" */;
			compatibilityVersion = "Xcode 9.3";
			developmentRegion = en;
			hasScannedForEncodings = 0;
			knownRegions = (
				en,
				Base,
			);
			mainGroup = DCAB6B4A26862BA600AB84A5;
			productRefGroup = DCAB6B5426862BA700AB84A5 /* Products */;
			projectDirPath = "";
			projectRoot = "";
			targets = (
				DCAB6B5226862BA700AB84A5 /* TestApp2 */,
			);
		};
/* End PBXProject section */

/* Begin PBXResourcesBuildPhase section */
		DCAB6B5126862BA700AB84A5 /* Resources */ = {
			isa = PBXResourcesBuildPhase;
			buildActionMask = 2147483647;
			files = (
				DCAB6B5E26862BE400AB84A5 /* Preview Assets.xcassets in Resources */,
				DCAB6B5B26862BE400AB84A5 /* Assets.xcassets in Resources */,
			);
			runOnlyForDeploymentPostprocessing = 0;
		};
/* End PBXResourcesBuildPhase section */

/* Begin PBXSourcesBuildPhase section */
		DCAB6B4F26862BA700AB84A5 /* Sources */ = {
			isa = PBXSourcesBuildPhase;
			buildActionMask = 2147483647;
			files = (
				DC3E44BE268746A60072EBBF /* Poster.swift in Sources */,
				DC3E44B82687462A0072EBBF /* Image+Extension.swift in Sources */,
				DCAB6B5926862BA700AB84A5 /* ContentView.swift in Sources */,
				DC3E44BA268746540072EBBF /* Movies.swift in Sources */,
				DC3E44B2268745880072EBBF /* DetailView.swift in Sources */,
				DC3E44B4268745C40072EBBF /* PopularMovieCell.swift in Sources */,
				DC3E44B6268745E30072EBBF /* UnPopularMovieCell.swift in Sources */,
				DC3E44BC2687468D0072EBBF /* Dates.swift in Sources */,
				DCAB6B5726862BA700AB84A5 /* TestApp2App.swift in Sources */,
				DC3E44B0268745330072EBBF /* Network.swift in Sources */,
			);
			runOnlyForDeploymentPostprocessing = 0;
		};
/* End PBXSourcesBuildPhase section */

/* Begin XCBuildConfiguration section */
		DCAB6B6026862BE400AB84A5 /* Debug */ = {
			isa = XCBuildConfiguration;
			buildSettings = {
				ALWAYS_SEARCH_USER_PATHS = NO;
				CLANG_ANALYZER_NONNULL = YES;
				CLANG_ANALYZER_NUMBER_OBJECT_CONVERSION = YES_AGGRESSIVE;
				CLANG_CXX_LANGUAGE_STANDARD = "gnu++14";
				CLANG_CXX_LIBRARY = "libc++";
				CLANG_ENABLE_MODULES = YES;
				CLANG_ENABLE_OBJC_ARC = YES;
				CLANG_ENABLE_OBJC_WEAK = YES;
				CLANG_WARN_BLOCK_CAPTURE_AUTORELEASING = YES;
				CLANG_WARN_BOOL_CONVERSION = YES;
				CLANG_WARN_COMMA = YES;
				CLANG_WARN_CONSTANT_CONVERSION = YES;
				CLANG_WARN_DEPRECATED_OBJC_IMPLEMENTATIONS = YES;
				CLANG_WARN_DIRECT_OBJC_ISA_USAGE = YES_ERROR;
				CLANG_WARN_DOCUMENTATION_COMMENTS = YES;
				CLANG_WARN_EMPTY_BODY = YES;
				CLANG_WARN_ENUM_CONVERSION = YES;
				CLANG_WARN_INFINITE_RECURSION = YES;
				CLANG_WARN_INT_CONVERSION = YES;
				CLANG_WARN_NON_LITERAL_NULL_CONVERSION = YES;
				CLANG_WARN_OBJC_IMPLICIT_RETAIN_SELF = YES;
				CLANG_WARN_OBJC_LITERAL_CONVERSION = YES;
				CLANG_WARN_OBJC_ROOT_CLASS = YES_ERROR;
				CLANG_WARN_QUOTED_INCLUDE_IN_FRAMEWORK_HEADER = YES;
				CLANG_WARN_RANGE_LOOP_ANALYSIS = YES;
				CLANG_WARN_STRICT_PROTOTYPES = YES;
				CLANG_WARN_SUSPICIOUS_MOVE = YES;
				CLANG_WARN_UNGUARDED_AVAILABILITY = YES_AGGRESSIVE;
				CLANG_WARN_UNREACHABLE_CODE = YES;
				CLANG_WARN__DUPLICATE_METHOD_MATCH = YES;
				COPY_PHASE_STRIP = NO;
				DEBUG_INFORMATION_FORMAT = dwarf;
				ENABLE_STRICT_OBJC_MSGSEND = YES;
				ENABLE_TESTABILITY = YES;
				GCC_C_LANGUAGE_STANDARD = gnu11;
				GCC_DYNAMIC_NO_PIC = NO;
				GCC_NO_COMMON_BLOCKS = YES;
				GCC_OPTIMIZATION_LEVEL = 0;
				GCC_PREPROCESSOR_DEFINITIONS = (
					"DEBUG=1",
					"$(inherited)",
				);
				GCC_WARN_64_TO_32_BIT_CONVERSION = YES;
				GCC_WARN_ABOUT_RETURN_TYPE = YES_ERROR;
				GCC_WARN_UNDECLARED_SELECTOR = YES;
				GCC_WARN_UNINITIALIZED_AUTOS = YES_AGGRESSIVE;
				GCC_WARN_UNUSED_FUNCTION = YES;
				GCC_WARN_UNUSED_VARIABLE = YES;
				IPHONEOS_DEPLOYMENT_TARGET = 14.5;
				MTL_ENABLE_DEBUG_INFO = INCLUDE_SOURCE;
				MTL_FAST_MATH = YES;
				ONLY_ACTIVE_ARCH = YES;
				SDKROOT = iphoneos;
				SWIFT_ACTIVE_COMPILATION_CONDITIONS = DEBUG;
				SWIFT_OPTIMIZATION_LEVEL = "-Onone";
			};
			name = Debug;
		};
		DCAB6B6126862BE400AB84A5 /* Release */ = {
			isa = XCBuildConfiguration;
			buildSettings = {
				ALWAYS_SEARCH_USER_PATHS = NO;
				CLANG_ANALYZER_NONNULL = YES;
				CLANG_ANALYZER_NUMBER_OBJECT_CONVERSION = YES_AGGRESSIVE;
				CLANG_CXX_LANGUAGE_STANDARD = "gnu++14";
				CLANG_CXX_LIBRARY = "libc++";
				CLANG_ENABLE_MODULES = YES;
				CLANG_ENABLE_OBJC_ARC = YES;
				CLANG_ENABLE_OBJC_WEAK = YES;
				CLANG_WARN_BLOCK_CAPTURE_AUTORELEASING = YES;
				CLANG_WARN_BOOL_CONVERSION = YES;
				CLANG_WARN_COMMA = YES;
				CLANG_WARN_CONSTANT_CONVERSION = YES;
				CLANG_WARN_DEPRECATED_OBJC_IMPLEMENTATIONS = YES;
				CLANG_WARN_DIRECT_OBJC_ISA_USAGE = YES_ERROR;
				CLANG_WARN_DOCUMENTATION_COMMENTS = YES;
				CLANG_WARN_EMPTY_BODY = YES;
				CLANG_WARN_ENUM_CONVERSION = YES;
				CLANG_WARN_INFINITE_RECURSION = YES;
				CLANG_WARN_INT_CONVERSION = YES;
				CLANG_WARN_NON_LITERAL_NULL_CONVERSION = YES;
				CLANG_WARN_OBJC_IMPLICIT_RETAIN_SELF = YES;
				CLANG_WARN_OBJC_LITERAL_CONVERSION = YES;
				CLANG_WARN_OBJC_ROOT_CLASS = YES_ERROR;
				CLANG_WARN_QUOTED_INCLUDE_IN_FRAMEWORK_HEADER = YES;
				CLANG_WARN_RANGE_LOOP_ANALYSIS = YES;
				CLANG_WARN_STRICT_PROTOTYPES = YES;
				CLANG_WARN_SUSPICIOUS_MOVE = YES;
				CLANG_WARN_UNGUARDED_AVAILABILITY = YES_AGGRESSIVE;
				CLANG_WARN_UNREACHABLE_CODE = YES;
				CLANG_WARN__DUPLICATE_METHOD_MATCH = YES;
				COPY_PHASE_STRIP = NO;
				DEBUG_INFORMATION_FORMAT = "dwarf-with-dsym";
				ENABLE_NS_ASSERTIONS = NO;
				ENABLE_STRICT_OBJC_MSGSEND = YES;
				GCC_C_LANGUAGE_STANDARD = gnu11;
				GCC_NO_COMMON_BLOCKS = YES;
				GCC_WARN_64_TO_32_BIT_CONVERSION = YES;
				GCC_WARN_ABOUT_RETURN_TYPE = YES_ERROR;
				GCC_WARN_UNDECLARED_SELECTOR = YES;
				GCC_WARN_UNINITIALIZED_AUTOS = YES_AGGRESSIVE;
				GCC_WARN_UNUSED_FUNCTION = YES;
				GCC_WARN_UNUSED_VARIABLE = YES;
				IPHONEOS_DEPLOYMENT_TARGET = 14.5;
				MTL_ENABLE_DEBUG_INFO = NO;
				MTL_FAST_MATH = YES;
				SDKROOT = iphoneos;
				SWIFT_COMPILATION_MODE = wholemodule;
				SWIFT_OPTIMIZATION_LEVEL = "-O";
				VALIDATE_PRODUCT = YES;
			};
			name = Release;
		};
		DCAB6B6326862BE400AB84A5 /* Debug */ = {
			isa = XCBuildConfiguration;
			buildSettings = {
				ASSETCATALOG_COMPILER_APPICON_NAME = AppIcon;
				ASSETCATALOG_COMPILER_GLOBAL_ACCENT_COLOR_NAME = AccentColor;
				CODE_SIGN_STYLE = Automatic;
				DEVELOPMENT_ASSET_PATHS = "\"TestApp2/Preview Content\"";
				ENABLE_PREVIEWS = YES;
				INFOPLIST_FILE = TestApp2/Info.plist;
				IPHONEOS_DEPLOYMENT_TARGET = 14.0;
				LD_RUNPATH_SEARCH_PATHS = (
					"$(inherited)",
					"@executable_path/Frameworks",
				);
				PRODUCT_BUNDLE_IDENTIFIER = test.TestApp2;
				PRODUCT_NAME = "$(TARGET_NAME)";
				SWIFT_VERSION = 5.0;
				TARGETED_DEVICE_FAMILY = "1,2";
			};
			name = Debug;
		};
		DCAB6B6426862BE400AB84A5 /* Release */ = {
			isa = XCBuildConfiguration;
			buildSettings = {
				ASSETCATALOG_COMPILER_APPICON_NAME = AppIcon;
				ASSETCATALOG_COMPILER_GLOBAL_ACCENT_COLOR_NAME = AccentColor;
				CODE_SIGN_STYLE = Automatic;
				DEVELOPMENT_ASSET_PATHS = "\"TestApp2/Preview Content\"";
				ENABLE_PREVIEWS = YES;
				INFOPLIST_FILE = TestApp2/Info.plist;
				IPHONEOS_DEPLOYMENT_TARGET = 14.0;
				LD_RUNPATH_SEARCH_PATHS = (
					"$(inherited)",
					"@executable_path/Frameworks",
				);
				PRODUCT_BUNDLE_IDENTIFIER = test.TestApp2;
				PRODUCT_NAME = "$(TARGET_NAME)";
				SWIFT_VERSION = 5.0;
				TARGETED_DEVICE_FAMILY = "1,2";
			};
			name = Release;
		};
/* End XCBuildConfiguration section */

/* Begin XCConfigurationList section */
		DCAB6B4E26862BA600AB84A5 /* Build configuration list for PBXProject "TestApp2" */ = {
			isa = XCConfigurationList;
			buildConfigurations = (
				DCAB6B6026862BE400AB84A5 /* Debug */,
				DCAB6B6126862BE400AB84A5 /* Release */,
			);
			defaultConfigurationIsVisible = 0;
			defaultConfigurationName = Release;
		};
		DCAB6B6226862BE400AB84A5 /* Build configuration list for PBXNativeTarget "TestApp2" */ = {
			isa = XCConfigurationList;
			buildConfigurations = (
				DCAB6B6326862BE400AB84A5 /* Debug */,
				DCAB6B6426862BE400AB84A5 /* Release */,
			);
			defaultConfigurationIsVisible = 0;
			defaultConfigurationName = Release;
		};
/* End XCConfigurationList section */
	};
	rootObject = DCAB6B4B26862BA600AB84A5 /* Project object */;
}
